# This file is automatically @generated by Cargo.
# It is not intended for manual editing.
version = 4

[[package]]
name = "rcl_interception_sys"
version = "0.1.0"

[[patch.unused]]
name = "builtin_interfaces"
version = "1.2.2"

[[patch.unused]]
name = "composition_interfaces"
version = "1.2.2"

[[patch.unused]]
name = "diagnostic_msgs"
version = "4.9.1"

[[patch.unused]]
name = "geometry_msgs"
version = "4.9.1"

[[patch.unused]]
name = "play_launch_msgs"
version = "0.1.0"

[[patch.unused]]
name = "rcl_interfaces"
version = "1.2.2"

[[patch.unused]]
name = "rclrs"
version = "0.7.0"

[[patch.unused]]
name = "rosidl_runtime_rs"
version = "0.6.0"

[[patch.unused]]
name = "std_msgs"
version = "4.9.1"
